
Microsoft Visual Studio Solution File, Format Version 12.00
# Visual Studio Version 16
VisualStudioVersion = 16.0.29806.167
MinimumVisualStudioVersion = 10.0.40219.1
Project("{9A19103F-16F7-4668-BE54-9A1E7A4F7556}") = "VirtualPharmaRep.API", "VirtualPharmaRep.API\VirtualPharmaRep.API.csproj", "{3BC82ECF-2791-4925-B70A-850BC855FC18}"
EndProject
Project("{9A19103F-16F7-4668-BE54-9A1E7A4F7556}") = "VirtualPharmaRep.Data", "VirtualPharmaRep.Data\VirtualPharmaRep.Data.csproj", "{2D63B172-F610-4BD1-9B25-76BEC445CF57}"
EndProject
Project("{9A19103F-16F7-4668-BE54-9A1E7A4F7556}") = "VirtualPharmaRep.Database", "VirtualPharmaRep.Database\VirtualPharmaRep.Database.csproj", "{7622E40B-FFCC-4A74-ACE6-2F0A6526DC53}"
EndProject
Project("{9A19103F-16F7-4668-BE54-9A1E7A4F7556}") = "VirtualPharmaRep.Services", "VirtualPharmaRep.Services\VirtualPharmaRep.Services.csproj", "{2A2035BA-F6A6-42A4-8E1B-94C6D841B9C2}"
EndProject
Project("{9A19103F-16F7-4668-BE54-9A1E7A4F7556}") = "VirtualPharmaRep.Extensions", "VirtualPharmaRep.Extensions\VirtualPharmaRep.Extensions.csproj", "{7488A12C-3F72-49C7-BEBC-2EE6B93C0AE6}"
EndProject
Global
	GlobalSection(SolutionConfigurationPlatforms) = preSolution
		Debug|Any CPU = Debug|Any CPU
		Release|Any CPU = Release|Any CPU
	EndGlobalSection
	GlobalSection(ProjectConfigurationPlatforms) = postSolution
		{3BC82ECF-2791-4925-B70A-850BC855FC18}.Debug|Any CPU.ActiveCfg = Debug|Any CPU
		{3BC82ECF-2791-4925-B70A-850BC855FC18}.Debug|Any CPU.Build.0 = Debug|Any CPU
		{3BC82ECF-2791-4925-B70A-850BC855FC18}.Release|Any CPU.ActiveCfg = Release|Any CPU
		{3BC82ECF-2791-4925-B70A-850BC855FC18}.Release|Any CPU.Build.0 = Release|Any CPU
		{2D63B172-F610-4BD1-9B25-76BEC445CF57}.Debug|Any CPU.ActiveCfg = Debug|Any CPU
		{2D63B172-F610-4BD1-9B25-76BEC445CF57}.Debug|Any CPU.Build.0 = Debug|Any CPU
		{2D63B172-F610-4BD1-9B25-76BEC445CF57}.Release|Any CPU.ActiveCfg = Release|Any CPU
		{2D63B172-F610-4BD1-9B25-76BEC445CF57}.Release|Any CPU.Build.0 = Release|Any CPU
		{7622E40B-FFCC-4A74-ACE6-2F0A6526DC53}.Debug|Any CPU.ActiveCfg = Debug|Any CPU
		{7622E40B-FFCC-4A74-ACE6-2F0A6526DC53}.Debug|Any CPU.Build.0 = Debug|Any CPU
		{7622E40B-FFCC-4A74-ACE6-2F0A6526DC53}.Release|Any CPU.ActiveCfg = Release|Any CPU
		{7622E40B-FFCC-4A74-ACE6-2F0A6526DC53}.Release|Any CPU.Build.0 = Release|Any CPU
		{2A2035BA-F6A6-42A4-8E1B-94C6D841B9C2}.Debug|Any CPU.ActiveCfg = Debug|Any CPU
		{2A2035BA-F6A6-42A4-8E1B-94C6D841B9C2}.Debug|Any CPU.Build.0 = Debug|Any CPU
		{2A2035BA-F6A6-42A4-8E1B-94C6D841B9C2}.Release|Any CPU.ActiveCfg = Release|Any CPU
		{2A2035BA-F6A6-42A4-8E1B-94C6D841B9C2}.Release|Any CPU.Build.0 = Release|Any CPU
		{7488A12C-3F72-49C7-BEBC-2EE6B93C0AE6}.Debug|Any CPU.ActiveCfg = Debug|Any CPU
		{7488A12C-3F72-49C7-BEBC-2EE6B93C0AE6}.Debug|Any CPU.Build.0 = Debug|Any CPU
		{7488A12C-3F72-49C7-BEBC-2EE6B93C0AE6}.Release|Any CPU.ActiveCfg = Release|Any CPU
		{7488A12C-3F72-49C7-BEBC-2EE6B93C0AE6}.Release|Any CPU.Build.0 = Release|Any CPU
	EndGlobalSection
	GlobalSection(SolutionProperties) = preSolution
		HideSolutionNode = FALSE
	EndGlobalSection
	GlobalSection(ExtensibilityGlobals) = postSolution
		SolutionGuid = {63E6DC51-5708-4164-8527-D27D620D9833}
	EndGlobalSection
EndGlobal
